
Microsoft Visual Studio Solution File, Format Version 12.00
Project("{FAE04EC0-301F-11D3-BF4B-00C04F79EFBC}") = "LabThree", "LabThree\LabThree.csproj", "{F6470B6F-73E7-43D1-834E-ABDFCA54F462}"
EndProject
Project("{FAE04EC0-301F-11D3-BF4B-00C04F79EFBC}") = "LabThree.Data", "LabThree.Data\LabThree.Data.csproj", "{607A7129-9059-414B-9EC3-BD3437037A8C}"
EndProject
Global
	GlobalSection(SolutionConfigurationPlatforms) = preSolution
		Debug|Any CPU = Debug|Any CPU
		Release|Any CPU = Release|Any CPU
	EndGlobalSection
	GlobalSection(ProjectConfigurationPlatforms) = postSolution
		{F6470B6F-73E7-43D1-834E-ABDFCA54F462}.Debug|Any CPU.ActiveCfg = Debug|Any CPU
		{F6470B6F-73E7-43D1-834E-ABDFCA54F462}.Debug|Any CPU.Build.0 = Debug|Any CPU
		{F6470B6F-73E7-43D1-834E-ABDFCA54F462}.Release|Any CPU.ActiveCfg = Release|Any CPU
		{F6470B6F-73E7-43D1-834E-ABDFCA54F462}.Release|Any CPU.Build.0 = Release|Any CPU
		{607A7129-9059-414B-9EC3-BD3437037A8C}.Debug|Any CPU.ActiveCfg = Debug|Any CPU
		{607A7129-9059-414B-9EC3-BD3437037A8C}.Debug|Any CPU.Build.0 = Debug|Any CPU
		{607A7129-9059-414B-9EC3-BD3437037A8C}.Release|Any CPU.ActiveCfg = Release|Any CPU
		{607A7129-9059-414B-9EC3-BD3437037A8C}.Release|Any CPU.Build.0 = Release|Any CPU
	EndGlobalSection
EndGlobal
